
Microsoft Visual Studio Solution File, Format Version 12.00
# Visual Studio Version 17
VisualStudioVersion = 17.4.33110.190
MinimumVisualStudioVersion = 10.0.40219.1
Project("{FAE04EC0-301F-11D3-BF4B-00C04F79EFBC}") = "Vanguard-Backpropagation", "Vanguard-Backpropagation\Vanguard-Backpropagation.csproj", "{52C0CFB3-9B63-4B02-9F10-F0BFA0089E51}"
EndProject
Global
	GlobalSection(SolutionConfigurationPlatforms) = preSolution
		Debug|Any CPU = Debug|Any CPU
		Release|Any CPU = Release|Any CPU
	EndGlobalSection
	GlobalSection(ProjectConfigurationPlatforms) = postSolution
		{52C0CFB3-9B63-4B02-9F10-F0BFA0089E51}.Debug|Any CPU.ActiveCfg = Debug|Any CPU
		{52C0CFB3-9B63-4B02-9F10-F0BFA0089E51}.Debug|Any CPU.Build.0 = Debug|Any CPU
		{52C0CFB3-9B63-4B02-9F10-F0BFA0089E51}.Release|Any CPU.ActiveCfg = Release|Any CPU
		{52C0CFB3-9B63-4B02-9F10-F0BFA0089E51}.Release|Any CPU.Build.0 = Release|Any CPU
	EndGlobalSection
	GlobalSection(SolutionProperties) = preSolution
		HideSolutionNode = FALSE
	EndGlobalSection
	GlobalSection(ExtensibilityGlobals) = postSolution
		SolutionGuid = {2548C752-68CD-409B-A309-4904EF3E4D2F}
	EndGlobalSection
EndGlobal
